
Microsoft Visual Studio Solution File, Format Version 12.00
# Visual Studio Version 17
VisualStudioVersion = 17.0.32112.339
MinimumVisualStudioVersion = 10.0.40219.1
Project("{FAE04EC0-301F-11D3-BF4B-00C04F79EFBC}") = "Etimos.DataServices.StockBalanceApi", "Etimos.DataServices.StockBalanceApi\Etimos.DataServices.StockBalanceApi.csproj", "{87F994D9-4B96-4F78-BB1F-5AE019A47BA3}"
EndProject
Global
	GlobalSection(SolutionConfigurationPlatforms) = preSolution
		Debug|Any CPU = Debug|Any CPU
		Release|Any CPU = Release|Any CPU
	EndGlobalSection
	GlobalSection(ProjectConfigurationPlatforms) = postSolution
		{87F994D9-4B96-4F78-BB1F-5AE019A47BA3}.Debug|Any CPU.ActiveCfg = Debug|Any CPU
		{87F994D9-4B96-4F78-BB1F-5AE019A47BA3}.Debug|Any CPU.Build.0 = Debug|Any CPU
		{87F994D9-4B96-4F78-BB1F-5AE019A47BA3}.Release|Any CPU.ActiveCfg = Release|Any CPU
		{87F994D9-4B96-4F78-BB1F-5AE019A47BA3}.Release|Any CPU.Build.0 = Release|Any CPU
	EndGlobalSection
	GlobalSection(SolutionProperties) = preSolution
		HideSolutionNode = FALSE
	EndGlobalSection
	GlobalSection(ExtensibilityGlobals) = postSolution
		SolutionGuid = {565B4E14-DAA9-447B-9028-CF3984233D4B}
	EndGlobalSection
EndGlobal
